
Microsoft Visual Studio Solution File, Format Version 12.00
# Visual Studio 15
VisualStudioVersion = 15.0.28307.1738
MinimumVisualStudioVersion = 10.0.40219.1
Project("{FAE04EC0-301F-11D3-BF4B-00C04F79EFBC}") = "CarApp", "CarApp\CarApp.csproj", "{9E8AD33B-AB76-495C-9246-862B09364E1B}"
EndProject
Global
	GlobalSection(SolutionConfigurationPlatforms) = preSolution
		Debug|Any CPU = Debug|Any CPU
		Release|Any CPU = Release|Any CPU
	EndGlobalSection
	GlobalSection(ProjectConfigurationPlatforms) = postSolution
		{9E8AD33B-AB76-495C-9246-862B09364E1B}.Debug|Any CPU.ActiveCfg = Debug|Any CPU
		{9E8AD33B-AB76-495C-9246-862B09364E1B}.Debug|Any CPU.Build.0 = Debug|Any CPU
		{9E8AD33B-AB76-495C-9246-862B09364E1B}.Release|Any CPU.ActiveCfg = Release|Any CPU
		{9E8AD33B-AB76-495C-9246-862B09364E1B}.Release|Any CPU.Build.0 = Release|Any CPU
	EndGlobalSection
	GlobalSection(SolutionProperties) = preSolution
		HideSolutionNode = FALSE
	EndGlobalSection
	GlobalSection(ExtensibilityGlobals) = postSolution
		SolutionGuid = {45693EF6-4DB6-42A2-97A2-8D458C138A66}
	EndGlobalSection
EndGlobal
